
Microsoft Visual Studio Solution File, Format Version 12.00
# Visual Studio Version 17
VisualStudioVersion = 17.1.32210.238
MinimumVisualStudioVersion = 10.0.40219.1
Project("{FAE04EC0-301F-11D3-BF4B-00C04F79EFBC}") = "ProgressBar", "ProgressBar\ProgressBar.csproj", "{1C07F9B2-3C90-42EC-A939-1D2CC7856ED4}"
EndProject
Global
	GlobalSection(SolutionConfigurationPlatforms) = preSolution
		Debug|Any CPU = Debug|Any CPU
		Release|Any CPU = Release|Any CPU
	EndGlobalSection
	GlobalSection(ProjectConfigurationPlatforms) = postSolution
		{1C07F9B2-3C90-42EC-A939-1D2CC7856ED4}.Debug|Any CPU.ActiveCfg = Debug|Any CPU
		{1C07F9B2-3C90-42EC-A939-1D2CC7856ED4}.Debug|Any CPU.Build.0 = Debug|Any CPU
		{1C07F9B2-3C90-42EC-A939-1D2CC7856ED4}.Release|Any CPU.ActiveCfg = Release|Any CPU
		{1C07F9B2-3C90-42EC-A939-1D2CC7856ED4}.Release|Any CPU.Build.0 = Release|Any CPU
	EndGlobalSection
	GlobalSection(SolutionProperties) = preSolution
		HideSolutionNode = FALSE
	EndGlobalSection
	GlobalSection(ExtensibilityGlobals) = postSolution
		SolutionGuid = {2D8F8C3A-F9A5-44E7-B412-F49F6F287F2F}
	EndGlobalSection
EndGlobal
